
Microsoft Visual Studio Solution File, Format Version 12.00
# Visual Studio Version 17
VisualStudioVersion = 17.10.35004.147
MinimumVisualStudioVersion = 10.0.40219.1
Project("{888888A0-9F3D-457C-B088-3A5042F75D52}") = "Case2", "Case2\Case2.pyproj", "{092A55AA-D8B2-476F-B48E-CD1DFCD0F26C}"
EndProject
Global
	GlobalSection(SolutionConfigurationPlatforms) = preSolution
		Debug|Any CPU = Debug|Any CPU
		Release|Any CPU = Release|Any CPU
	EndGlobalSection
	GlobalSection(ProjectConfigurationPlatforms) = postSolution
		{092A55AA-D8B2-476F-B48E-CD1DFCD0F26C}.Debug|Any CPU.ActiveCfg = Debug|Any CPU
		{092A55AA-D8B2-476F-B48E-CD1DFCD0F26C}.Release|Any CPU.ActiveCfg = Release|Any CPU
	EndGlobalSection
	GlobalSection(SolutionProperties) = preSolution
		HideSolutionNode = FALSE
	EndGlobalSection
	GlobalSection(ExtensibilityGlobals) = postSolution
		SolutionGuid = {C1E5DAED-4DDF-4FAB-81BE-7991A4FF3460}
	EndGlobalSection
EndGlobal
